// !$*UTF8*$!
{
	archiveVersion = 1;
	classes = {
	};
	objectVersion = 77;
	objects = {

/* Begin PBXContainerItemProxy section */
		1F3269EB2EA5C1DD00B36494 /* PBXContainerItemProxy */ = {
			isa = PBXContainerItemProxy;
			containerPortal = 1F3269D52EA5C1D900B36494 /* Project object */;
			proxyType = 1;
			remoteGlobalIDString = 1F3269DC2EA5C1D900B36494;
			remoteInfo = MIdterm_EricCampero;
		};
		1F3269F52EA5C1DD00B36494 /* PBXContainerItemProxy */ = {
			isa = PBXContainerItemProxy;
			containerPortal = 1F3269D52EA5C1D900B36494 /* Project object */;
			proxyType = 1;
			remoteGlobalIDString = 1F3269DC2EA5C1D900B36494;
			remoteInfo = MIdterm_EricCampero;
		};
/* End PBXContainerItemProxy section */

/* Begin PBXFileReference section */
		1F3269DD2EA5C1D900B36494 /* MIdterm_EricCampero.app */ = {isa = PBXFileReference; explicitFileType = wrapper.application; includeInIndex = 0; path = MIdterm_EricCampero.app; sourceTree = BUILT_PRODUCTS_DIR; };
		1F3269EA2EA5C1DD00B36494 /* MIdterm_EricCamperoTests.xctest */ = {isa = PBXFileReference; explicitFileType = wrapper.cfbundle; includeInIndex = 0; path = MIdterm_EricCamperoTests.xctest; sourceTree = BUILT_PRODUCTS_DIR; };
		1F3269F42EA5C1DD00B36494 /* MIdterm_EricCamperoUITests.xctest */ = {isa = PBXFileReference; explicitFileType = wrapper.cfbundle; includeInIndex = 0; path = MIdterm_EricCamperoUITests.xctest; sourceTree = BUILT_PRODUCTS_DIR; };
/* End PBXFileReference section */

/* Begin PBXFileSystemSynchronizedRootGroup section */
		1F3269DF2EA5C1D900B36494 /* MIdterm_EricCampero */ = {
			isa = PBXFileSystemSynchronizedRootGroup;
			path = MIdterm_EricCampero;
			sourceTree = "<group>";
		};
		1F3269ED2EA5C1DD00B36494 /* MIdterm_EricCamperoTests */ = {
			isa = PBXFileSystemSynchronizedRootGroup;
			path = MIdterm_EricCamperoTests;
			sourceTree = "<group>";
		};
		1F3269F72EA5C1DD00B36494 /* MIdterm_EricCamperoUITests */ = {
			isa = PBXFileSystemSynchronizedRootGroup;
			path = MIdterm_EricCamperoUITests;
			sourceTree = "<group>";
		};
/* End PBXFileSystemSynchronizedRootGroup section */

/* Begin PBXFrameworksBuildPhase section */
		1F3269DA2EA5C1D900B36494 /* Frameworks */ = {
			isa = PBXFrameworksBuildPhase;
			buildActionMask = 2147483647;
			files = (
			);
			runOnlyForDeploymentPostprocessing = 0;
		};
		1F3269E72EA5C1DD00B36494 /* Frameworks */ = {
			isa = PBXFrameworksBuildPhase;
			buildActionMask = 2147483647;
			files = (
			);
			runOnlyForDeploymentPostprocessing = 0;
		};
		1F3269F12EA5C1DD00B36494 /* Frameworks */ = {
			isa = PBXFrameworksBuildPhase;
			buildActionMask = 2147483647;
			files = (
			);
			runOnlyForDeploymentPostprocessing = 0;
		};
/* End PBXFrameworksBuildPhase section */

/* Begin PBXGroup section */
		1F3269D42EA5C1D900B36494 = {
			isa = PBXGroup;
			children = (
				1F3269DF2EA5C1D900B36494 /* MIdterm_EricCampero */,
				1F3269ED2EA5C1DD00B36494 /* MIdterm_EricCamperoTests */,
				1F3269F72EA5C1DD00B36494 /* MIdterm_EricCamperoUITests */,
				1F3269DE2EA5C1D900B36494 /* Products */,
			);
			sourceTree = "<group>";
		};
		1F3269DE2EA5C1D900B36494 /* Products */ = {
			isa = PBXGroup;
			children = (
				1F3269DD2EA5C1D900B36494 /* MIdterm_EricCampero.app */,
				1F3269EA2EA5C1DD00B36494 /* MIdterm_EricCamperoTests.xctest */,
				1F3269F42EA5C1DD00B36494 /* MIdterm_EricCamperoUITests.xctest */,
			);
			name = Products;
			sourceTree = "<group>";
		};
/* End PBXGroup section */

/* Begin PBXNativeTarget section */
		1F3269DC2EA5C1D900B36494 /* MIdterm_EricCampero */ = {
			isa = PBXNativeTarget;
			buildConfigurationList = 1F3269FE2EA5C1DE00B36494 /* Build configuration list for PBXNativeTarget "MIdterm_EricCampero" */;
			buildPhases = (
				1F3269D92EA5C1D900B36494 /* Sources */,
				1F3269DA2EA5C1D900B36494 /* Frameworks */,
				1F3269DB2EA5C1D900B36494 /* Resources */,
			);
			buildRules = (
			);
			dependencies = (
			);
			fileSystemSynchronizedGroups = (
				1F3269DF2EA5C1D900B36494 /* MIdterm_EricCampero */,
			);
			name = MIdterm_EricCampero;
			packageProductDependencies = (
			);
			productName = MIdterm_EricCampero;
			productReference = 1F3269DD2EA5C1D900B36494 /* MIdterm_EricCampero.app */;
			productType = "com.apple.product-type.application";
		};
		1F3269E92EA5C1DD00B36494 /* MIdterm_EricCamperoTests */ = {
			isa = PBXNativeTarget;
			buildConfigurationList = 1F326A012EA5C1DE00B36494 /* Build configuration list for PBXNativeTarget "MIdterm_EricCamperoTests" */;
			buildPhases = (
				1F3269E62EA5C1DD00B36494 /* Sources */,
				1F3269E72EA5C1DD00B36494 /* Frameworks */,
				1F3269E82EA5C1DD00B36494 /* Resources */,
			);
			buildRules = (
			);
			dependencies = (
				1F3269EC2EA5C1DD00B36494 /* PBXTargetDependency */,
			);
			fileSystemSynchronizedGroups = (
				1F3269ED2EA5C1DD00B36494 /* MIdterm_EricCamperoTests */,
			);
			name = MIdterm_EricCamperoTests;
			packageProductDependencies = (
			);
			productName = MIdterm_EricCamperoTests;
			productReference = 1F3269EA2EA5C1DD00B36494 /* MIdterm_EricCamperoTests.xctest */;
			productType = "com.apple.product-type.bundle.unit-test";
		};
		1F3269F32EA5C1DD00B36494 /* MIdterm_EricCamperoUITests */ = {
			isa = PBXNativeTarget;
			buildConfigurationList = 1F326A042EA5C1DE00B36494 /* Build configuration list for PBXNativeTarget "MIdterm_EricCamperoUITests" */;
			buildPhases = (
				1F3269F02EA5C1DD00B36494 /* Sources */,
				1F3269F12EA5C1DD00B36494 /* Frameworks */,
				1F3269F22EA5C1DD00B36494 /* Resources */,
			);
			buildRules = (
			);
			dependencies = (
				1F3269F62EA5C1DD00B36494 /* PBXTargetDependency */,
			);
			fileSystemSynchronizedGroups = (
				1F3269F72EA5C1DD00B36494 /* MIdterm_EricCamperoUITests */,
			);
			name = MIdterm_EricCamperoUITests;
			packageProductDependencies = (
			);
			productName = MIdterm_EricCamperoUITests;
			productReference = 1F3269F42EA5C1DD00B36494 /* MIdterm_EricCamperoUITests.xctest */;
			productType = "com.apple.product-type.bundle.ui-testing";
		};
/* End PBXNativeTarget section */

/* Begin PBXProject section */
		1F3269D52EA5C1D900B36494 /* Project object */ = {
			isa = PBXProject;
			attributes = {
				BuildIndependentTargetsInParallel = 1;
				LastSwiftUpdateCheck = 2600;
				LastUpgradeCheck = 2600;
				TargetAttributes = {
					1F3269DC2EA5C1D900B36494 = {
						CreatedOnToolsVersion = 26.0.1;
					};
					1F3269E92EA5C1DD00B36494 = {
						CreatedOnToolsVersion = 26.0.1;
						TestTargetID = 1F3269DC2EA5C1D900B36494;
					};
					1F3269F32EA5C1DD00B36494 = {
						CreatedOnToolsVersion = 26.0.1;
						TestTargetID = 1F3269DC2EA5C1D900B36494;
					};
				};
			};
			buildConfigurationList = 1F3269D82EA5C1D900B36494 /* Build configuration list for PBXProject "MIdterm_EricCampero" */;
			developmentRegion = en;
			hasScannedForEncodings = 0;
			knownRegions = (
				en,
				Base,
			);
			mainGroup = 1F3269D42EA5C1D900B36494;
			minimizedProjectReferenceProxies = 1;
			preferredProjectObjectVersion = 77;
			productRefGroup = 1F3269DE2EA5C1D900B36494 /* Products */;
			projectDirPath = "";
			projectRoot = "";
			targets = (
				1F3269DC2EA5C1D900B36494 /* MIdterm_EricCampero */,
				1F3269E92EA5C1DD00B36494 /* MIdterm_EricCamperoTests */,
				1F3269F32EA5C1DD00B36494 /* MIdterm_EricCamperoUITests */,
			);
		};
/* End PBXProject section */

/* Begin PBXResourcesBuildPhase section */
		1F3269DB2EA5C1D900B36494 /* Resources */ = {
			isa = PBXResourcesBuildPhase;
			buildActionMask = 2147483647;
			files = (
			);
			runOnlyForDeploymentPostprocessing = 0;
		};
		1F3269E82EA5C1DD00B36494 /* Resources */ = {
			isa = PBXResourcesBuildPhase;
			buildActionMask = 2147483647;
			files = (
			);
			runOnlyForDeploymentPostprocessing = 0;
		};
		1F3269F22EA5C1DD00B36494 /* Resources */ = {
			isa = PBXResourcesBuildPhase;
			buildActionMask = 2147483647;
			files = (
			);
			runOnlyForDeploymentPostprocessing = 0;
		};
/* End PBXResourcesBuildPhase section */

/* Begin PBXSourcesBuildPhase section */
		1F3269D92EA5C1D900B36494 /* Sources */ = {
			isa = PBXSourcesBuildPhase;
			buildActionMask = 2147483647;
			files = (
			);
			runOnlyForDeploymentPostprocessing = 0;
		};
		1F3269E62EA5C1DD00B36494 /* Sources */ = {
			isa = PBXSourcesBuildPhase;
			buildActionMask = 2147483647;
			files = (
			);
			runOnlyForDeploymentPostprocessing = 0;
		};
		1F3269F02EA5C1DD00B36494 /* Sources */ = {
			isa = PBXSourcesBuildPhase;
			buildActionMask = 2147483647;
			files = (
			);
			runOnlyForDeploymentPostprocessing = 0;
		};
/* End PBXSourcesBuildPhase section */

/* Begin PBXTargetDependency section */
		1F3269EC2EA5C1DD00B36494 /* PBXTargetDependency */ = {
			isa = PBXTargetDependency;
			target = 1F3269DC2EA5C1D900B36494 /* MIdterm_EricCampero */;
			targetProxy = 1F3269EB2EA5C1DD00B36494 /* PBXContainerItemProxy */;
		};
		1F3269F62EA5C1DD00B36494 /* PBXTargetDependency */ = {
			isa = PBXTargetDependency;
			target = 1F3269DC2EA5C1D900B36494 /* MIdterm_EricCampero */;
			targetProxy = 1F3269F52EA5C1DD00B36494 /* PBXContainerItemProxy */;
		};
/* End PBXTargetDependency section */

/* Begin XCBuildConfiguration section */
		1F3269FC2EA5C1DE00B36494 /* Debug */ = {
			isa = XCBuildConfiguration;
			buildSettings = {
				ALWAYS_SEARCH_USER_PATHS = NO;
				ASSETCATALOG_COMPILER_GENERATE_SWIFT_ASSET_SYMBOL_EXTENSIONS = YES;
				CLANG_ANALYZER_NONNULL = YES;
				CLANG_ANALYZER_NUMBER_OBJECT_CONVERSION = YES_AGGRESSIVE;
				CLANG_CXX_LANGUAGE_STANDARD = "gnu++20";
				CLANG_ENABLE_MODULES = YES;
				CLANG_ENABLE_OBJC_ARC = YES;
				CLANG_ENABLE_OBJC_WEAK = YES;
				CLANG_WARN_BLOCK_CAPTURE_AUTORELEASING = YES;
				CLANG_WARN_BOOL_CONVERSION = YES;
				CLANG_WARN_COMMA = YES;
				CLANG_WARN_CONSTANT_CONVERSION = YES;
				CLANG_WARN_DEPRECATED_OBJC_IMPLEMENTATIONS = YES;
				CLANG_WARN_DIRECT_OBJC_ISA_USAGE = YES_ERROR;
				CLANG_WARN_DOCUMENTATION_COMMENTS = YES;
				CLANG_WARN_EMPTY_BODY = YES;
				CLANG_WARN_ENUM_CONVERSION = YES;
				CLANG_WARN_INFINITE_RECURSION = YES;
				CLANG_WARN_INT_CONVERSION = YES;
				CLANG_WARN_NON_LITERAL_NULL_CONVERSION = YES;
				CLANG_WARN_OBJC_IMPLICIT_RETAIN_SELF = YES;
				CLANG_WARN_OBJC_LITERAL_CONVERSION = YES;
				CLANG_WARN_OBJC_ROOT_CLASS = YES_ERROR;
				CLANG_WARN_QUOTED_INCLUDE_IN_FRAMEWORK_HEADER = YES;
				CLANG_WARN_RANGE_LOOP_ANALYSIS = YES;
				CLANG_WARN_STRICT_PROTOTYPES = YES;
				CLANG_WARN_SUSPICIOUS_MOVE = YES;
				CLANG_WARN_UNGUARDED_AVAILABILITY = YES_AGGRESSIVE;
				CLANG_WARN_UNREACHABLE_CODE = YES;
				CLANG_WARN__DUPLICATE_METHOD_MATCH = YES;
				COPY_PHASE_STRIP = NO;
				DEBUG_INFORMATION_FORMAT = dwarf;
				ENABLE_STRICT_OBJC_MSGSEND = YES;
				ENABLE_TESTABILITY = YES;
				ENABLE_USER_SCRIPT_SANDBOXING = YES;
				GCC_C_LANGUAGE_STANDARD = gnu17;
				GCC_DYNAMIC_NO_PIC = NO;
				GCC_NO_COMMON_BLOCKS = YES;
				GCC_OPTIMIZATION_LEVEL = 0;
				GCC_PREPROCESSOR_DEFINITIONS = (
					"DEBUG=1",
					"$(inherited)",
				);
				GCC_WARN_64_TO_32_BIT_CONVERSION = YES;
				GCC_WARN_ABOUT_RETURN_TYPE = YES_ERROR;
				GCC_WARN_UNDECLARED_SELECTOR = YES;
				GCC_WARN_UNINITIALIZED_AUTOS = YES_AGGRESSIVE;
				GCC_WARN_UNUSED_FUNCTION = YES;
				GCC_WARN_UNUSED_VARIABLE = YES;
				IPHONEOS_DEPLOYMENT_TARGET = 26.0;
				LOCALIZATION_PREFERS_STRING_CATALOGS = YES;
				MTL_ENABLE_DEBUG_INFO = INCLUDE_SOURCE;
				MTL_FAST_MATH = YES;
				ONLY_ACTIVE_ARCH = YES;
				SDKROOT = iphoneos;
				SWIFT_ACTIVE_COMPILATION_CONDITIONS = "DEBUG $(inherited)";
				SWIFT_OPTIMIZATION_LEVEL = "-Onone";
			};
			name = Debug;
		};
		1F3269FD2EA5C1DE00B36494 /* Release */ = {
			isa = XCBuildConfiguration;
			buildSettings = {
				ALWAYS_SEARCH_USER_PATHS = NO;
				ASSETCATALOG_COMPILER_GENERATE_SWIFT_ASSET_SYMBOL_EXTENSIONS = YES;
				CLANG_ANALYZER_NONNULL = YES;
				CLANG_ANALYZER_NUMBER_OBJECT_CONVERSION = YES_AGGRESSIVE;
				CLANG_CXX_LANGUAGE_STANDARD = "gnu++20";
				CLANG_ENABLE_MODULES = YES;
				CLANG_ENABLE_OBJC_ARC = YES;
				CLANG_ENABLE_OBJC_WEAK = YES;
				CLANG_WARN_BLOCK_CAPTURE_AUTORELEASING = YES;
				CLANG_WARN_BOOL_CONVERSION = YES;
				CLANG_WARN_COMMA = YES;
				CLANG_WARN_CONSTANT_CONVERSION = YES;
				CLANG_WARN_DEPRECATED_OBJC_IMPLEMENTATIONS = YES;
				CLANG_WARN_DIRECT_OBJC_ISA_USAGE = YES_ERROR;
				CLANG_WARN_DOCUMENTATION_COMMENTS = YES;
				CLANG_WARN_EMPTY_BODY = YES;
				CLANG_WARN_ENUM_CONVERSION = YES;
				CLANG_WARN_INFINITE_RECURSION = YES;
				CLANG_WARN_INT_CONVERSION = YES;
				CLANG_WARN_NON_LITERAL_NULL_CONVERSION = YES;
				CLANG_WARN_OBJC_IMPLICIT_RETAIN_SELF = YES;
				CLANG_WARN_OBJC_LITERAL_CONVERSION = YES;
				CLANG_WARN_OBJC_ROOT_CLASS = YES_ERROR;
				CLANG_WARN_QUOTED_INCLUDE_IN_FRAMEWORK_HEADER = YES;
				CLANG_WARN_RANGE_LOOP_ANALYSIS = YES;
				CLANG_WARN_STRICT_PROTOTYPES = YES;
				CLANG_WARN_SUSPICIOUS_MOVE = YES;
				CLANG_WARN_UNGUARDED_AVAILABILITY = YES_AGGRESSIVE;
				CLANG_WARN_UNREACHABLE_CODE = YES;
				CLANG_WARN__DUPLICATE_METHOD_MATCH = YES;
				COPY_PHASE_STRIP = NO;
				DEBUG_INFORMATION_FORMAT = "dwarf-with-dsym";
				ENABLE_NS_ASSERTIONS = NO;
				ENABLE_STRICT_OBJC_MSGSEND = YES;
				ENABLE_USER_SCRIPT_SANDBOXING = YES;
				GCC_C_LANGUAGE_STANDARD = gnu17;
				GCC_NO_COMMON_BLOCKS = YES;
				GCC_WARN_64_TO_32_BIT_CONVERSION = YES;
				GCC_WARN_ABOUT_RETURN_TYPE = YES_ERROR;
				GCC_WARN_UNDECLARED_SELECTOR = YES;
				GCC_WARN_UNINITIALIZED_AUTOS = YES_AGGRESSIVE;
				GCC_WARN_UNUSED_FUNCTION = YES;
				GCC_WARN_UNUSED_VARIABLE = YES;
				IPHONEOS_DEPLOYMENT_TARGET = 26.0;
				LOCALIZATION_PREFERS_STRING_CATALOGS = YES;
				MTL_ENABLE_DEBUG_INFO = NO;
				MTL_FAST_MATH = YES;
				SDKROOT = iphoneos;
				SWIFT_COMPILATION_MODE = wholemodule;
				VALIDATE_PRODUCT = YES;
			};
			name = Release;
		};
		1F3269FF2EA5C1DE00B36494 /* Debug */ = {
			isa = XCBuildConfiguration;
			buildSettings = {
				ASSETCATALOG_COMPILER_APPICON_NAME = AppIcon;
				ASSETCATALOG_COMPILER_GLOBAL_ACCENT_COLOR_NAME = AccentColor;
				CODE_SIGN_STYLE = Automatic;
				CURRENT_PROJECT_VERSION = 1;
				ENABLE_PREVIEWS = YES;
				GENERATE_INFOPLIST_FILE = YES;
				INFOPLIST_KEY_UIApplicationSceneManifest_Generation = YES;
				INFOPLIST_KEY_UIApplicationSupportsIndirectInputEvents = YES;
				INFOPLIST_KEY_UILaunchScreen_Generation = YES;
				INFOPLIST_KEY_UISupportedInterfaceOrientations_iPad = "UIInterfaceOrientationPortrait UIInterfaceOrientationPortraitUpsideDown UIInterfaceOrientationLandscapeLeft UIInterfaceOrientationLandscapeRight";
				INFOPLIST_KEY_UISupportedInterfaceOrientations_iPhone = "UIInterfaceOrientationPortrait UIInterfaceOrientationLandscapeLeft UIInterfaceOrientationLandscapeRight";
				LD_RUNPATH_SEARCH_PATHS = (
					"$(inherited)",
					"@executable_path/Frameworks",
				);
				MARKETING_VERSION = 1.0;
				PRODUCT_BUNDLE_IDENTIFIER = "com.campero.MIdterm-EricCampero";
				PRODUCT_NAME = "$(TARGET_NAME)";
				STRING_CATALOG_GENERATE_SYMBOLS = YES;
				SWIFT_APPROACHABLE_CONCURRENCY = YES;
				SWIFT_DEFAULT_ACTOR_ISOLATION = MainActor;
				SWIFT_EMIT_LOC_STRINGS = YES;
				SWIFT_UPCOMING_FEATURE_MEMBER_IMPORT_VISIBILITY = YES;
				SWIFT_VERSION = 5.0;
				TARGETED_DEVICE_FAMILY = "1,2";
			};
			name = Debug;
		};
		1F326A002EA5C1DE00B36494 /* Release */ = {
			isa = XCBuildConfiguration;
			buildSettings = {
				ASSETCATALOG_COMPILER_APPICON_NAME = AppIcon;
				ASSETCATALOG_COMPILER_GLOBAL_ACCENT_COLOR_NAME = AccentColor;
				CODE_SIGN_STYLE = Automatic;
				CURRENT_PROJECT_VERSION = 1;
				ENABLE_PREVIEWS = YES;
				GENERATE_INFOPLIST_FILE = YES;
				INFOPLIST_KEY_UIApplicationSceneManifest_Generation = YES;
				INFOPLIST_KEY_UIApplicationSupportsIndirectInputEvents = YES;
				INFOPLIST_KEY_UILaunchScreen_Generation = YES;
				INFOPLIST_KEY_UISupportedInterfaceOrientations_iPad = "UIInterfaceOrientationPortrait UIInterfaceOrientationPortraitUpsideDown UIInterfaceOrientationLandscapeLeft UIInterfaceOrientationLandscapeRight";
				INFOPLIST_KEY_UISupportedInterfaceOrientations_iPhone = "UIInterfaceOrientationPortrait UIInterfaceOrientationLandscapeLeft UIInterfaceOrientationLandscapeRight";
				LD_RUNPATH_SEARCH_PATHS = (
					"$(inherited)",
					"@executable_path/Frameworks",
				);
				MARKETING_VERSION = 1.0;
				PRODUCT_BUNDLE_IDENTIFIER = "com.campero.MIdterm-EricCampero";
				PRODUCT_NAME = "$(TARGET_NAME)";
				STRING_CATALOG_GENERATE_SYMBOLS = YES;
				SWIFT_APPROACHABLE_CONCURRENCY = YES;
				SWIFT_DEFAULT_ACTOR_ISOLATION = MainActor;
				SWIFT_EMIT_LOC_STRINGS = YES;
				SWIFT_UPCOMING_FEATURE_MEMBER_IMPORT_VISIBILITY = YES;
				SWIFT_VERSION = 5.0;
				TARGETED_DEVICE_FAMILY = "1,2";
			};
			name = Release;
		};
		1F326A022EA5C1DE00B36494 /* Debug */ = {
			isa = XCBuildConfiguration;
			buildSettings = {
				BUNDLE_LOADER = "$(TEST_HOST)";
				CODE_SIGN_STYLE = Automatic;
				CURRENT_PROJECT_VERSION = 1;
				GENERATE_INFOPLIST_FILE = YES;
				IPHONEOS_DEPLOYMENT_TARGET = 26.0;
				MARKETING_VERSION = 1.0;
				PRODUCT_BUNDLE_IDENTIFIER = "com.campero.MIdterm-EricCamperoTests";
				PRODUCT_NAME = "$(TARGET_NAME)";
				STRING_CATALOG_GENERATE_SYMBOLS = NO;
				SWIFT_APPROACHABLE_CONCURRENCY = YES;
				SWIFT_EMIT_LOC_STRINGS = NO;
				SWIFT_UPCOMING_FEATURE_MEMBER_IMPORT_VISIBILITY = YES;
				SWIFT_VERSION = 5.0;
				TARGETED_DEVICE_FAMILY = "1,2";
				TEST_HOST = "$(BUILT_PRODUCTS_DIR)/MIdterm_EricCampero.app/$(BUNDLE_EXECUTABLE_FOLDER_PATH)/MIdterm_EricCampero";
			};
			name = Debug;
		};
		1F326A032EA5C1DE00B36494 /* Release */ = {
			isa = XCBuildConfiguration;
			buildSettings = {
				BUNDLE_LOADER = "$(TEST_HOST)";
				CODE_SIGN_STYLE = Automatic;
				CURRENT_PROJECT_VERSION = 1;
				GENERATE_INFOPLIST_FILE = YES;
				IPHONEOS_DEPLOYMENT_TARGET = 26.0;
				MARKETING_VERSION = 1.0;
				PRODUCT_BUNDLE_IDENTIFIER = "com.campero.MIdterm-EricCamperoTests";
				PRODUCT_NAME = "$(TARGET_NAME)";
				STRING_CATALOG_GENERATE_SYMBOLS = NO;
				SWIFT_APPROACHABLE_CONCURRENCY = YES;
				SWIFT_EMIT_LOC_STRINGS = NO;
				SWIFT_UPCOMING_FEATURE_MEMBER_IMPORT_VISIBILITY = YES;
				SWIFT_VERSION = 5.0;
				TARGETED_DEVICE_FAMILY = "1,2";
				TEST_HOST = "$(BUILT_PRODUCTS_DIR)/MIdterm_EricCampero.app/$(BUNDLE_EXECUTABLE_FOLDER_PATH)/MIdterm_EricCampero";
			};
			name = Release;
		};
		1F326A052EA5C1DE00B36494 /* Debug */ = {
			isa = XCBuildConfiguration;
			buildSettings = {
				CODE_SIGN_STYLE = Automatic;
				CURRENT_PROJECT_VERSION = 1;
				GENERATE_INFOPLIST_FILE = YES;
				MARKETING_VERSION = 1.0;
				PRODUCT_BUNDLE_IDENTIFIER = "com.campero.MIdterm-EricCamperoUITests";
				PRODUCT_NAME = "$(TARGET_NAME)";
				STRING_CATALOG_GENERATE_SYMBOLS = NO;
				SWIFT_APPROACHABLE_CONCURRENCY = YES;
				SWIFT_EMIT_LOC_STRINGS = NO;
				SWIFT_UPCOMING_FEATURE_MEMBER_IMPORT_VISIBILITY = YES;
				SWIFT_VERSION = 5.0;
				TARGETED_DEVICE_FAMILY = "1,2";
				TEST_TARGET_NAME = MIdterm_EricCampero;
			};
			name = Debug;
		};
		1F326A062EA5C1DE00B36494 /* Release */ = {
			isa = XCBuildConfiguration;
			buildSettings = {
				CODE_SIGN_STYLE = Automatic;
				CURRENT_PROJECT_VERSION = 1;
				GENERATE_INFOPLIST_FILE = YES;
				MARKETING_VERSION = 1.0;
				PRODUCT_BUNDLE_IDENTIFIER = "com.campero.MIdterm-EricCamperoUITests";
				PRODUCT_NAME = "$(TARGET_NAME)";
				STRING_CATALOG_GENERATE_SYMBOLS = NO;
				SWIFT_APPROACHABLE_CONCURRENCY = YES;
				SWIFT_EMIT_LOC_STRINGS = NO;
				SWIFT_UPCOMING_FEATURE_MEMBER_IMPORT_VISIBILITY = YES;
				SWIFT_VERSION = 5.0;
				TARGETED_DEVICE_FAMILY = "1,2";
				TEST_TARGET_NAME = MIdterm_EricCampero;
			};
			name = Release;
		};
/* End XCBuildConfiguration section */

/* Begin XCConfigurationList section */
		1F3269D82EA5C1D900B36494 /* Build configuration list for PBXProject "MIdterm_EricCampero" */ = {
			isa = XCConfigurationList;
			buildConfigurations = (
				1F3269FC2EA5C1DE00B36494 /* Debug */,
				1F3269FD2EA5C1DE00B36494 /* Release */,
			);
			defaultConfigurationIsVisible = 0;
			defaultConfigurationName = Release;
		};
		1F3269FE2EA5C1DE00B36494 /* Build configuration list for PBXNativeTarget "MIdterm_EricCampero" */ = {
			isa = XCConfigurationList;
			buildConfigurations = (
				1F3269FF2EA5C1DE00B36494 /* Debug */,
				1F326A002EA5C1DE00B36494 /* Release */,
			);
			defaultConfigurationIsVisible = 0;
			defaultConfigurationName = Release;
		};
		1F326A012EA5C1DE00B36494 /* Build configuration list for PBXNativeTarget "MIdterm_EricCamperoTests" */ = {
			isa = XCConfigurationList;
			buildConfigurations = (
				1F326A022EA5C1DE00B36494 /* Debug */,
				1F326A032EA5C1DE00B36494 /* Release */,
			);
			defaultConfigurationIsVisible = 0;
			defaultConfigurationName = Release;
		};
		1F326A042EA5C1DE00B36494 /* Build configuration list for PBXNativeTarget "MIdterm_EricCamperoUITests" */ = {
			isa = XCConfigurationList;
			buildConfigurations = (
				1F326A052EA5C1DE00B36494 /* Debug */,
				1F326A062EA5C1DE00B36494 /* Release */,
			);
			defaultConfigurationIsVisible = 0;
			defaultConfigurationName = Release;
		};
/* End XCConfigurationList section */
	};
	rootObject = 1F3269D52EA5C1D900B36494 /* Project object */;
}
